// !$*UTF8*$!
{
	archiveVersion = 1;
	classes = {
	};
	objectVersion = 51;
	objects = {

/* Begin PBXBuildFile section */
		A5197F8124B58A5200B29E25 /* AppDelegate.swift in Sources */ = {isa = PBXBuildFile; fileRef = A5197F8024B58A5200B29E25 /* AppDelegate.swift */; };
		A5197F8324B58A5200B29E25 /* SceneDelegate.swift in Sources */ = {isa = PBXBuildFile; fileRef = A5197F8224B58A5200B29E25 /* SceneDelegate.swift */; };
		A5197F8524B58A5200B29E25 /* ViewController.swift in Sources */ = {isa = PBXBuildFile; fileRef = A5197F8424B58A5200B29E25 /* ViewController.swift */; };
		A5197F8824B58A5200B29E25 /* Main.storyboard in Resources */ = {isa = PBXBuildFile; fileRef = A5197F8624B58A5200B29E25 /* Main.storyboard */; };
		A5197F8A24B58A5300B29E25 /* Assets.xcassets in Resources */ = {isa = PBXBuildFile; fileRef = A5197F8924B58A5300B29E25 /* Assets.xcassets */; };
		A5197F8D24B58A5300B29E25 /* LaunchScreen.storyboard in Resources */ = {isa = PBXBuildFile; fileRef = A5197F8B24B58A5300B29E25 /* LaunchScreen.storyboard */; };
		A51F78A524C3792D0000B42A /* HomeViewController.swift in Sources */ = {isa = PBXBuildFile; fileRef = A51F78A424C3792D0000B42A /* HomeViewController.swift */; };
		A51F78A724C396CE0000B42A /* SignupViewController.swift in Sources */ = {isa = PBXBuildFile; fileRef = A51F78A624C396CD0000B42A /* SignupViewController.swift */; };
		A56B248B24C7810600CFA7EC /* progressViewController.swift in Sources */ = {isa = PBXBuildFile; fileRef = A56B248A24C7810500CFA7EC /* progressViewController.swift */; };
		A5CCECD724C53D0E00E9A338 /* RecentstatViewController.swift in Sources */ = {isa = PBXBuildFile; fileRef = A5CCECD624C53D0E00E9A338 /* RecentstatViewController.swift */; };
		A5CCECE524C5696300E9A338 /* progress.swift in Sources */ = {isa = PBXBuildFile; fileRef = A5CCECE424C5696300E9A338 /* progress.swift */; };
/* End PBXBuildFile section */

/* Begin PBXFileReference section */
		A5197F7D24B58A5200B29E25 /* Shanti - Mental Health App.app */ = {isa = PBXFileReference; explicitFileType = wrapper.application; includeInIndex = 0; path = "Shanti - Mental Health App.app"; sourceTree = BUILT_PRODUCTS_DIR; };
		A5197F8024B58A5200B29E25 /* AppDelegate.swift */ = {isa = PBXFileReference; lastKnownFileType = sourcecode.swift; path = AppDelegate.swift; sourceTree = "<group>"; };
		A5197F8224B58A5200B29E25 /* SceneDelegate.swift */ = {isa = PBXFileReference; lastKnownFileType = sourcecode.swift; path = SceneDelegate.swift; sourceTree = "<group>"; };
		A5197F8424B58A5200B29E25 /* ViewController.swift */ = {isa = PBXFileReference; lastKnownFileType = sourcecode.swift; path = ViewController.swift; sourceTree = "<group>"; };
		A5197F8724B58A5200B29E25 /* Base */ = {isa = PBXFileReference; lastKnownFileType = file.storyboard; name = Base; path = Base.lproj/Main.storyboard; sourceTree = "<group>"; };
		A5197F8924B58A5300B29E25 /* Assets.xcassets */ = {isa = PBXFileReference; lastKnownFileType = folder.assetcatalog; path = Assets.xcassets; sourceTree = "<group>"; };
		A5197F8C24B58A5300B29E25 /* Base */ = {isa = PBXFileReference; lastKnownFileType = file.storyboard; name = Base; path = Base.lproj/LaunchScreen.storyboard; sourceTree = "<group>"; };
		A5197F8E24B58A5300B29E25 /* Info.plist */ = {isa = PBXFileReference; lastKnownFileType = text.plist.xml; path = Info.plist; sourceTree = "<group>"; };
		A51F78A424C3792D0000B42A /* HomeViewController.swift */ = {isa = PBXFileReference; lastKnownFileType = sourcecode.swift; path = HomeViewController.swift; sourceTree = "<group>"; };
		A51F78A624C396CD0000B42A /* SignupViewController.swift */ = {isa = PBXFileReference; lastKnownFileType = sourcecode.swift; path = SignupViewController.swift; sourceTree = "<group>"; };
		A56B248A24C7810500CFA7EC /* progressViewController.swift */ = {isa = PBXFileReference; lastKnownFileType = sourcecode.swift; path = progressViewController.swift; sourceTree = "<group>"; };
		A5CCECD624C53D0E00E9A338 /* RecentstatViewController.swift */ = {isa = PBXFileReference; lastKnownFileType = sourcecode.swift; path = RecentstatViewController.swift; sourceTree = "<group>"; };
		A5CCECE424C5696300E9A338 /* progress.swift */ = {isa = PBXFileReference; lastKnownFileType = sourcecode.swift; path = progress.swift; sourceTree = "<group>"; };
/* End PBXFileReference section */

/* Begin PBXFrameworksBuildPhase section */
		A5197F7A24B58A5200B29E25 /* Frameworks */ = {
			isa = PBXFrameworksBuildPhase;
			buildActionMask = 2147483647;
			files = (
			);
			runOnlyForDeploymentPostprocessing = 0;
		};
/* End PBXFrameworksBuildPhase section */

/* Begin PBXGroup section */
		A5197F7424B58A5200B29E25 = {
			isa = PBXGroup;
			children = (
				A5197F7F24B58A5200B29E25 /* Shanti - Mental Health App */,
				A5197F7E24B58A5200B29E25 /* Products */,
			);
			sourceTree = "<group>";
		};
		A5197F7E24B58A5200B29E25 /* Products */ = {
			isa = PBXGroup;
			children = (
				A5197F7D24B58A5200B29E25 /* Shanti - Mental Health App.app */,
			);
			name = Products;
			sourceTree = "<group>";
		};
		A5197F7F24B58A5200B29E25 /* Shanti - Mental Health App */ = {
			isa = PBXGroup;
			children = (
				A5197F8024B58A5200B29E25 /* AppDelegate.swift */,
				A5197F8224B58A5200B29E25 /* SceneDelegate.swift */,
				A5197F8424B58A5200B29E25 /* ViewController.swift */,
				A51F78A624C396CD0000B42A /* SignupViewController.swift */,
				A51F78A424C3792D0000B42A /* HomeViewController.swift */,
				A5CCECD624C53D0E00E9A338 /* RecentstatViewController.swift */,
				A56B248A24C7810500CFA7EC /* progressViewController.swift */,
				A5CCECE424C5696300E9A338 /* progress.swift */,
				A5197F8624B58A5200B29E25 /* Main.storyboard */,
				A5197F8924B58A5300B29E25 /* Assets.xcassets */,
				A5197F8B24B58A5300B29E25 /* LaunchScreen.storyboard */,
				A5197F8E24B58A5300B29E25 /* Info.plist */,
			);
			path = "Shanti - Mental Health App";
			sourceTree = "<group>";
		};
/* End PBXGroup section */

/* Begin PBXNativeTarget section */
		A5197F7C24B58A5200B29E25 /* Shanti - Mental Health App */ = {
			isa = PBXNativeTarget;
			buildConfigurationList = A5197F9124B58A5300B29E25 /* Build configuration list for PBXNativeTarget "Shanti - Mental Health App" */;
			buildPhases = (
				A5197F7924B58A5200B29E25 /* Sources */,
				A5197F7A24B58A5200B29E25 /* Frameworks */,
				A5197F7B24B58A5200B29E25 /* Resources */,
			);
			buildRules = (
			);
			dependencies = (
			);
			name = "Shanti - Mental Health App";
			productName = "Shanti - Mental Health App";
			productReference = A5197F7D24B58A5200B29E25 /* Shanti - Mental Health App.app */;
			productType = "com.apple.product-type.application";
		};
/* End PBXNativeTarget section */

/* Begin PBXProject section */
		A5197F7524B58A5200B29E25 /* Project object */ = {
			isa = PBXProject;
			attributes = {
				LastSwiftUpdateCheck = 1110;
				LastUpgradeCheck = 1110;
				ORGANIZATIONNAME = "Jahnavi Bavuluri ";
				TargetAttributes = {
					A5197F7C24B58A5200B29E25 = {
						CreatedOnToolsVersion = 11.1;
					};
				};
			};
			buildConfigurationList = A5197F7824B58A5200B29E25 /* Build configuration list for PBXProject "Shanti - Mental Health App" */;
			compatibilityVersion = "Xcode 9.3";
			developmentRegion = en;
			hasScannedForEncodings = 0;
			knownRegions = (
				en,
				Base,
			);
			mainGroup = A5197F7424B58A5200B29E25;
			productRefGroup = A5197F7E24B58A5200B29E25 /* Products */;
			projectDirPath = "";
			projectRoot = "";
			targets = (
				A5197F7C24B58A5200B29E25 /* Shanti - Mental Health App */,
			);
		};
/* End PBXProject section */

/* Begin PBXResourcesBuildPhase section */
		A5197F7B24B58A5200B29E25 /* Resources */ = {
			isa = PBXResourcesBuildPhase;
			buildActionMask = 2147483647;
			files = (
				A5197F8D24B58A5300B29E25 /* LaunchScreen.storyboard in Resources */,
				A5197F8A24B58A5300B29E25 /* Assets.xcassets in Resources */,
				A5197F8824B58A5200B29E25 /* Main.storyboard in Resources */,
			);
			runOnlyForDeploymentPostprocessing = 0;
		};
/* End PBXResourcesBuildPhase section */

/* Begin PBXSourcesBuildPhase section */
		A5197F7924B58A5200B29E25 /* Sources */ = {
			isa = PBXSourcesBuildPhase;
			buildActionMask = 2147483647;
			files = (
				A5197F8524B58A5200B29E25 /* ViewController.swift in Sources */,
				A5CCECD724C53D0E00E9A338 /* RecentstatViewController.swift in Sources */,
				A5197F8124B58A5200B29E25 /* AppDelegate.swift in Sources */,
				A56B248B24C7810600CFA7EC /* progressViewController.swift in Sources */,
				A51F78A724C396CE0000B42A /* SignupViewController.swift in Sources */,
				A5CCECE524C5696300E9A338 /* progress.swift in Sources */,
				A5197F8324B58A5200B29E25 /* SceneDelegate.swift in Sources */,
				A51F78A524C3792D0000B42A /* HomeViewController.swift in Sources */,
			);
			runOnlyForDeploymentPostprocessing = 0;
		};
/* End PBXSourcesBuildPhase section */

/* Begin PBXVariantGroup section */
		A5197F8624B58A5200B29E25 /* Main.storyboard */ = {
			isa = PBXVariantGroup;
			children = (
				A5197F8724B58A5200B29E25 /* Base */,
			);
			name = Main.storyboard;
			sourceTree = "<group>";
		};
		A5197F8B24B58A5300B29E25 /* LaunchScreen.storyboard */ = {
			isa = PBXVariantGroup;
			children = (
				A5197F8C24B58A5300B29E25 /* Base */,
			);
			name = LaunchScreen.storyboard;
			sourceTree = "<group>";
		};
/* End PBXVariantGroup section */

/* Begin XCBuildConfiguration section */
		A5197F8F24B58A5300B29E25 /* Debug */ = {
			isa = XCBuildConfiguration;
			buildSettings = {
				ALWAYS_SEARCH_USER_PATHS = NO;
				CLANG_ANALYZER_NONNULL = YES;
				CLANG_ANALYZER_NUMBER_OBJECT_CONVERSION = YES_AGGRESSIVE;
				CLANG_CXX_LANGUAGE_STANDARD = "gnu++14";
				CLANG_CXX_LIBRARY = "libc++";
				CLANG_ENABLE_MODULES = YES;
				CLANG_ENABLE_OBJC_ARC = YES;
				CLANG_ENABLE_OBJC_WEAK = YES;
				CLANG_WARN_BLOCK_CAPTURE_AUTORELEASING = YES;
				CLANG_WARN_BOOL_CONVERSION = YES;
				CLANG_WARN_COMMA = YES;
				CLANG_WARN_CONSTANT_CONVERSION = YES;
				CLANG_WARN_DEPRECATED_OBJC_IMPLEMENTATIONS = YES;
				CLANG_WARN_DIRECT_OBJC_ISA_USAGE = YES_ERROR;
				CLANG_WARN_DOCUMENTATION_COMMENTS = YES;
				CLANG_WARN_EMPTY_BODY = YES;
				CLANG_WARN_ENUM_CONVERSION = YES;
				CLANG_WARN_INFINITE_RECURSION = YES;
				CLANG_WARN_INT_CONVERSION = YES;
				CLANG_WARN_NON_LITERAL_NULL_CONVERSION = YES;
				CLANG_WARN_OBJC_IMPLICIT_RETAIN_SELF = YES;
				CLANG_WARN_OBJC_LITERAL_CONVERSION = YES;
				CLANG_WARN_OBJC_ROOT_CLASS = YES_ERROR;
				CLANG_WARN_RANGE_LOOP_ANALYSIS = YES;
				CLANG_WARN_STRICT_PROTOTYPES = YES;
				CLANG_WARN_SUSPICIOUS_MOVE = YES;
				CLANG_WARN_UNGUARDED_AVAILABILITY = YES_AGGRESSIVE;
				CLANG_WARN_UNREACHABLE_CODE = YES;
				CLANG_WARN__DUPLICATE_METHOD_MATCH = YES;
				COPY_PHASE_STRIP = NO;
				DEBUG_INFORMATION_FORMAT = dwarf;
				ENABLE_STRICT_OBJC_MSGSEND = YES;
				ENABLE_TESTABILITY = YES;
				GCC_C_LANGUAGE_STANDARD = gnu11;
				GCC_DYNAMIC_NO_PIC = NO;
				GCC_NO_COMMON_BLOCKS = YES;
				GCC_OPTIMIZATION_LEVEL = 0;
				GCC_PREPROCESSOR_DEFINITIONS = (
					"DEBUG=1",
					"$(inherited)",
				);
				GCC_WARN_64_TO_32_BIT_CONVERSION = YES;
				GCC_WARN_ABOUT_RETURN_TYPE = YES_ERROR;
				GCC_WARN_UNDECLARED_SELECTOR = YES;
				GCC_WARN_UNINITIALIZED_AUTOS = YES_AGGRESSIVE;
				GCC_WARN_UNUSED_FUNCTION = YES;
				GCC_WARN_UNUSED_VARIABLE = YES;
				IPHONEOS_DEPLOYMENT_TARGET = 13.1;
				MTL_ENABLE_DEBUG_INFO = INCLUDE_SOURCE;
				MTL_FAST_MATH = YES;
				ONLY_ACTIVE_ARCH = YES;
				SDKROOT = iphoneos;
				SWIFT_ACTIVE_COMPILATION_CONDITIONS = DEBUG;
				SWIFT_OPTIMIZATION_LEVEL = "-Onone";
			};
			name = Debug;
		};
		A5197F9024B58A5300B29E25 /* Release */ = {
			isa = XCBuildConfiguration;
			buildSettings = {
				ALWAYS_SEARCH_USER_PATHS = NO;
				CLANG_ANALYZER_NONNULL = YES;
				CLANG_ANALYZER_NUMBER_OBJECT_CONVERSION = YES_AGGRESSIVE;
				CLANG_CXX_LANGUAGE_STANDARD = "gnu++14";
				CLANG_CXX_LIBRARY = "libc++";
				CLANG_ENABLE_MODULES = YES;
				CLANG_ENABLE_OBJC_ARC = YES;
				CLANG_ENABLE_OBJC_WEAK = YES;
				CLANG_WARN_BLOCK_CAPTURE_AUTORELEASING = YES;
				CLANG_WARN_BOOL_CONVERSION = YES;
				CLANG_WARN_COMMA = YES;
				CLANG_WARN_CONSTANT_CONVERSION = YES;
				CLANG_WARN_DEPRECATED_OBJC_IMPLEMENTATIONS = YES;
				CLANG_WARN_DIRECT_OBJC_ISA_USAGE = YES_ERROR;
				CLANG_WARN_DOCUMENTATION_COMMENTS = YES;
				CLANG_WARN_EMPTY_BODY = YES;
				CLANG_WARN_ENUM_CONVERSION = YES;
				CLANG_WARN_INFINITE_RECURSION = YES;
				CLANG_WARN_INT_CONVERSION = YES;
				CLANG_WARN_NON_LITERAL_NULL_CONVERSION = YES;
				CLANG_WARN_OBJC_IMPLICIT_RETAIN_SELF = YES;
				CLANG_WARN_OBJC_LITERAL_CONVERSION = YES;
				CLANG_WARN_OBJC_ROOT_CLASS = YES_ERROR;
				CLANG_WARN_RANGE_LOOP_ANALYSIS = YES;
				CLANG_WARN_STRICT_PROTOTYPES = YES;
				CLANG_WARN_SUSPICIOUS_MOVE = YES;
				CLANG_WARN_UNGUARDED_AVAILABILITY = YES_AGGRESSIVE;
				CLANG_WARN_UNREACHABLE_CODE = YES;
				CLANG_WARN__DUPLICATE_METHOD_MATCH = YES;
				COPY_PHASE_STRIP = NO;
				DEBUG_INFORMATION_FORMAT = "dwarf-with-dsym";
				ENABLE_NS_ASSERTIONS = NO;
				ENABLE_STRICT_OBJC_MSGSEND = YES;
				GCC_C_LANGUAGE_STANDARD = gnu11;
				GCC_NO_COMMON_BLOCKS = YES;
				GCC_WARN_64_TO_32_BIT_CONVERSION = YES;
				GCC_WARN_ABOUT_RETURN_TYPE = YES_ERROR;
				GCC_WARN_UNDECLARED_SELECTOR = YES;
				GCC_WARN_UNINITIALIZED_AUTOS = YES_AGGRESSIVE;
				GCC_WARN_UNUSED_FUNCTION = YES;
				GCC_WARN_UNUSED_VARIABLE = YES;
				IPHONEOS_DEPLOYMENT_TARGET = 13.1;
				MTL_ENABLE_DEBUG_INFO = NO;
				MTL_FAST_MATH = YES;
				SDKROOT = iphoneos;
				SWIFT_COMPILATION_MODE = wholemodule;
				SWIFT_OPTIMIZATION_LEVEL = "-O";
				VALIDATE_PRODUCT = YES;
			};
			name = Release;
		};
		A5197F9224B58A5300B29E25 /* Debug */ = {
			isa = XCBuildConfiguration;
			buildSettings = {
				ASSETCATALOG_COMPILER_APPICON_NAME = AppIcon;
				CODE_SIGN_STYLE = Automatic;
				DEVELOPMENT_TEAM = CDX6HZGD22;
				INFOPLIST_FILE = "Shanti - Mental Health App/Info.plist";
				LD_RUNPATH_SEARCH_PATHS = (
					"$(inherited)",
					"@executable_path/Frameworks",
				);
				PRODUCT_BUNDLE_IDENTIFIER = "com.JahnaviBavuluri.Shanti---Mental-Health-App";
				PRODUCT_NAME = "$(TARGET_NAME)";
				SWIFT_VERSION = 5.0;
				TARGETED_DEVICE_FAMILY = "1,2";
			};
			name = Debug;
		};
		A5197F9324B58A5300B29E25 /* Release */ = {
			isa = XCBuildConfiguration;
			buildSettings = {
				ASSETCATALOG_COMPILER_APPICON_NAME = AppIcon;
				CODE_SIGN_STYLE = Automatic;
				DEVELOPMENT_TEAM = CDX6HZGD22;
				INFOPLIST_FILE = "Shanti - Mental Health App/Info.plist";
				LD_RUNPATH_SEARCH_PATHS = (
					"$(inherited)",
					"@executable_path/Frameworks",
				);
				PRODUCT_BUNDLE_IDENTIFIER = "com.JahnaviBavuluri.Shanti---Mental-Health-App";
				PRODUCT_NAME = "$(TARGET_NAME)";
				SWIFT_VERSION = 5.0;
				TARGETED_DEVICE_FAMILY = "1,2";
			};
			name = Release;
		};
/* End XCBuildConfiguration section */

/* Begin XCConfigurationList section */
		A5197F7824B58A5200B29E25 /* Build configuration list for PBXProject "Shanti - Mental Health App" */ = {
			isa = XCConfigurationList;
			buildConfigurations = (
				A5197F8F24B58A5300B29E25 /* Debug */,
				A5197F9024B58A5300B29E25 /* Release */,
			);
			defaultConfigurationIsVisible = 0;
			defaultConfigurationName = Release;
		};
		A5197F9124B58A5300B29E25 /* Build configuration list for PBXNativeTarget "Shanti - Mental Health App" */ = {
			isa = XCConfigurationList;
			buildConfigurations = (
				A5197F9224B58A5300B29E25 /* Debug */,
				A5197F9324B58A5300B29E25 /* Release */,
			);
			defaultConfigurationIsVisible = 0;
			defaultConfigurationName = Release;
		};
/* End XCConfigurationList section */
	};
	rootObject = A5197F7524B58A5200B29E25 /* Project object */;
}
